
Microsoft Visual Studio Solution File, Format Version 12.00
# Visual Studio 2013
VisualStudioVersion = 12.0.21005.1
MinimumVisualStudioVersion = 10.0.40219.1
Project("{FAE04EC0-301F-11D3-BF4B-00C04F79EFBC}") = "TankGame_BlackOps", "TankGame_BlackOps\TankGame_BlackOps.csproj", "{F7AEF6AF-D96F-4B20-B0FF-326BBC51CEFB}"
EndProject
Global
	GlobalSection(SolutionConfigurationPlatforms) = preSolution
		Debug|Any CPU = Debug|Any CPU
		Release|Any CPU = Release|Any CPU
	EndGlobalSection
	GlobalSection(ProjectConfigurationPlatforms) = postSolution
		{F7AEF6AF-D96F-4B20-B0FF-326BBC51CEFB}.Debug|Any CPU.ActiveCfg = Debug|Any CPU
		{F7AEF6AF-D96F-4B20-B0FF-326BBC51CEFB}.Debug|Any CPU.Build.0 = Debug|Any CPU
		{F7AEF6AF-D96F-4B20-B0FF-326BBC51CEFB}.Release|Any CPU.ActiveCfg = Release|Any CPU
		{F7AEF6AF-D96F-4B20-B0FF-326BBC51CEFB}.Release|Any CPU.Build.0 = Release|Any CPU
	EndGlobalSection
	GlobalSection(SolutionProperties) = preSolution
		HideSolutionNode = FALSE
	EndGlobalSection
EndGlobal
